
Microsoft Visual Studio Solution File, Format Version 12.00
# Visual Studio Version 17
VisualStudioVersion = 17.5.33424.131
MinimumVisualStudioVersion = 10.0.40219.1
Project("{8BC9CEB8-8B4A-11D0-8D11-00A0C91BC942}") = "LinkedList_doubly", "LinkedList_doubly\LinkedList_doubly.vcxproj", "{AB05F38C-3481-4B0F-84B2-CED698C80A17}"
EndProject
Global
	GlobalSection(SolutionConfigurationPlatforms) = preSolution
		Debug|x64 = Debug|x64
		Debug|x86 = Debug|x86
		Release|x64 = Release|x64
		Release|x86 = Release|x86
	EndGlobalSection
	GlobalSection(ProjectConfigurationPlatforms) = postSolution
		{AB05F38C-3481-4B0F-84B2-CED698C80A17}.Debug|x64.ActiveCfg = Debug|x64
		{AB05F38C-3481-4B0F-84B2-CED698C80A17}.Debug|x64.Build.0 = Debug|x64
		{AB05F38C-3481-4B0F-84B2-CED698C80A17}.Debug|x86.ActiveCfg = Debug|Win32
		{AB05F38C-3481-4B0F-84B2-CED698C80A17}.Debug|x86.Build.0 = Debug|Win32
		{AB05F38C-3481-4B0F-84B2-CED698C80A17}.Release|x64.ActiveCfg = Release|x64
		{AB05F38C-3481-4B0F-84B2-CED698C80A17}.Release|x64.Build.0 = Release|x64
		{AB05F38C-3481-4B0F-84B2-CED698C80A17}.Release|x86.ActiveCfg = Release|Win32
		{AB05F38C-3481-4B0F-84B2-CED698C80A17}.Release|x86.Build.0 = Release|Win32
	EndGlobalSection
	GlobalSection(SolutionProperties) = preSolution
		HideSolutionNode = FALSE
	EndGlobalSection
	GlobalSection(ExtensibilityGlobals) = postSolution
		SolutionGuid = {21D84B55-1F59-4FB1-B48B-D1393F50DC2B}
	EndGlobalSection
EndGlobal
